
Microsoft Visual Studio Solution File, Format Version 12.00
# Visual Studio Version 17
VisualStudioVersion = 17.7.34031.279
MinimumVisualStudioVersion = 10.0.40219.1
Project("{FAE04EC0-301F-11D3-BF4B-00C04F79EFBC}") = "fefe", "fefe\fefe.csproj", "{4671F626-429B-4F96-9ED8-68BCAAF8C194}"
EndProject
Global
	GlobalSection(SolutionConfigurationPlatforms) = preSolution
		Debug|Any CPU = Debug|Any CPU
		Release|Any CPU = Release|Any CPU
	EndGlobalSection
	GlobalSection(ProjectConfigurationPlatforms) = postSolution
		{4671F626-429B-4F96-9ED8-68BCAAF8C194}.Debug|Any CPU.ActiveCfg = Debug|Any CPU
		{4671F626-429B-4F96-9ED8-68BCAAF8C194}.Debug|Any CPU.Build.0 = Debug|Any CPU
		{4671F626-429B-4F96-9ED8-68BCAAF8C194}.Release|Any CPU.ActiveCfg = Release|Any CPU
		{4671F626-429B-4F96-9ED8-68BCAAF8C194}.Release|Any CPU.Build.0 = Release|Any CPU
	EndGlobalSection
	GlobalSection(SolutionProperties) = preSolution
		HideSolutionNode = FALSE
	EndGlobalSection
	GlobalSection(ExtensibilityGlobals) = postSolution
		SolutionGuid = {1DC7F49C-34C0-4060-A95E-A346197279F0}
	EndGlobalSection
EndGlobal
